
Microsoft Visual Studio Solution File, Format Version 12.00
# Visual Studio 15
VisualStudioVersion = 15.0.28307.1209
MinimumVisualStudioVersion = 10.0.40219.1
Project("{FAE04EC0-301F-11D3-BF4B-00C04F79EFBC}") = "Command Line Chess", "Command Line Chess\Command Line Chess.csproj", "{DB37D2BC-C62C-4A78-9A63-EC0E9794B7ED}"
EndProject
Global
	GlobalSection(SolutionConfigurationPlatforms) = preSolution
		Debug|Any CPU = Debug|Any CPU
		Release|Any CPU = Release|Any CPU
	EndGlobalSection
	GlobalSection(ProjectConfigurationPlatforms) = postSolution
		{DB37D2BC-C62C-4A78-9A63-EC0E9794B7ED}.Debug|Any CPU.ActiveCfg = Debug|Any CPU
		{DB37D2BC-C62C-4A78-9A63-EC0E9794B7ED}.Debug|Any CPU.Build.0 = Debug|Any CPU
		{DB37D2BC-C62C-4A78-9A63-EC0E9794B7ED}.Release|Any CPU.ActiveCfg = Release|Any CPU
		{DB37D2BC-C62C-4A78-9A63-EC0E9794B7ED}.Release|Any CPU.Build.0 = Release|Any CPU
	EndGlobalSection
	GlobalSection(SolutionProperties) = preSolution
		HideSolutionNode = FALSE
	EndGlobalSection
	GlobalSection(ExtensibilityGlobals) = postSolution
		SolutionGuid = {EF69ADCD-6929-4BE9-86E0-E08DE4F15BBC}
	EndGlobalSection
EndGlobal
